
Microsoft Visual Studio Solution File, Format Version 12.00
# Visual Studio Version 16
VisualStudioVersion = 16.0.33927.289
MinimumVisualStudioVersion = 10.0.40219.1
Project("{2150E333-8FDC-42A3-9474-1A3956D46DE8}") = "Task0", "Task0", "{B8230DDE-B8F3-4049-B06D-74B16A0129A1}"
EndProject
Project("{FAE04EC0-301F-11D3-BF4B-00C04F79EFBC}") = "Tyuiu.BrukhovAA.Sprint4.Task0.V3", "Tyuiu.BrukhovAA.Sprint4.Task0.V3\Tyuiu.BrukhovAA.Sprint4.Task0.V3.csproj", "{0159BA92-333E-404F-ABD2-867D9B73C7D1}"
EndProject
Project("{FAE04EC0-301F-11D3-BF4B-00C04F79EFBC}") = "Tyuiu.BrukhovAA.Sprint4.Task0.V3.Lib", "Tyuiu.BrukhovAA.Sprint4.Task0.V3.Lib\Tyuiu.BrukhovAA.Sprint4.Task0.V3.Lib.csproj", "{11634301-4271-4578-9A42-10869E3D05BF}"
EndProject
Project("{FAE04EC0-301F-11D3-BF4B-00C04F79EFBC}") = "Tyuiu.BrukhovAA.Sprint4.Task0.V3.Test", "Tyuiu.BrukhovAA.Sprint4.Task0.V3.Test\Tyuiu.BrukhovAA.Sprint4.Task0.V3.Test.csproj", "{7FF42B88-63AB-4D1C-8620-BC4686095CF2}"
EndProject
Project("{2150E333-8FDC-42A3-9474-1A3956D46DE8}") = "Task1", "Task1", "{50275FFE-E085-4772-AE2E-C586C44A271B}"
EndProject
Project("{FAE04EC0-301F-11D3-BF4B-00C04F79EFBC}") = "Tyuiu.BrukhovAA.Sprint4.Task1.V30", "Tyuiu.BrukhovAA.Sprint4.Task1.V30\Tyuiu.BrukhovAA.Sprint4.Task1.V30.csproj", "{DB92045F-EEF9-413B-9853-74544A66B10A}"
EndProject
Project("{FAE04EC0-301F-11D3-BF4B-00C04F79EFBC}") = "Tyuiu.BrukhovAA.Sprint4.Task1.V30.Lib", "Tyuiu.BrukhovAA.Sprint4.Task1.V30.Lib\Tyuiu.BrukhovAA.Sprint4.Task1.V30.Lib.csproj", "{09A574A0-8DB3-449A-9136-A41768F360C5}"
EndProject
Project("{FAE04EC0-301F-11D3-BF4B-00C04F79EFBC}") = "Tyuiu.BrukhovAA.Sprint4.Task1.V30.Test", "Tyuiu.BrukhovAA.Sprint4.Task1.V30.Test\Tyuiu.BrukhovAA.Sprint4.Task1.V30.Test.csproj", "{343910DE-D643-4189-A6E0-AB73B7192E17}"
EndProject
Project("{2150E333-8FDC-42A3-9474-1A3956D46DE8}") = "Task2", "Task2", "{2792AD87-D476-46B9-9C6C-55774E3473CA}"
EndProject
Project("{FAE04EC0-301F-11D3-BF4B-00C04F79EFBC}") = "Tyuiu.BrukhovAA.Sprint4.Task2.V1", "Tyuiu.BrukhovAA.Sprint4.Task2.V1\Tyuiu.BrukhovAA.Sprint4.Task2.V1.csproj", "{73CAA107-5620-4276-BCE6-A0E3C666F2EC}"
EndProject
Project("{FAE04EC0-301F-11D3-BF4B-00C04F79EFBC}") = "Tyuiu.BrukhovAA.Sprint4.Task2.V1.Lib", "Tyuiu.BrukhovAA.Sprint4.Task2.V1.Lib\Tyuiu.BrukhovAA.Sprint4.Task2.V1.Lib.csproj", "{378C99EB-9996-4FE4-9E16-789045214121}"
EndProject
Project("{FAE04EC0-301F-11D3-BF4B-00C04F79EFBC}") = "Tyuiu.BrukhovAA.Sprint4.Task2.V1.Test", "Tyuiu.BrukhovAA.Sprint4.Task2.V1.Test\Tyuiu.BrukhovAA.Sprint4.Task2.V1.Test.csproj", "{249FC8C1-F946-4CBC-AF00-95B24181A376}"
EndProject
Project("{2150E333-8FDC-42A3-9474-1A3956D46DE8}") = "Task3", "Task3", "{16176064-EAE4-471D-9CDC-193F5C56132E}"
EndProject
Project("{FAE04EC0-301F-11D3-BF4B-00C04F79EFBC}") = "Tyuiu.BrukhovAA.Sprint4.Task3.V25", "Tyuiu.BrukhovAA.Sprint4.Task3.V25\Tyuiu.BrukhovAA.Sprint4.Task3.V25.csproj", "{420E4D1A-CB47-4475-A374-3BB7BF3D51AF}"
EndProject
Project("{FAE04EC0-301F-11D3-BF4B-00C04F79EFBC}") = "Tyuiu.BrukhovAA.Sprint4.Task3.V25.Lib", "Tyuiu.BrukhovAA.Sprint4.Task3.V25.Lib\Tyuiu.BrukhovAA.Sprint4.Task3.V25.Lib.csproj", "{FBE1A3C2-654B-48E9-8C0C-ED009A577312}"
EndProject
Project("{FAE04EC0-301F-11D3-BF4B-00C04F79EFBC}") = "Tyuiu.BrukhovAA.Sprint4.Task3.V25.Test", "Tyuiu.BrukhovAA.Sprint4.Task3.V25.Test\Tyuiu.BrukhovAA.Sprint4.Task3.V25.Test.csproj", "{AE5D3FB6-2393-4E5F-99EB-C10530F7194B}"
EndProject
Global
	GlobalSection(SolutionConfigurationPlatforms) = preSolution
		Debug|Any CPU = Debug|Any CPU
		Release|Any CPU = Release|Any CPU
	EndGlobalSection
	GlobalSection(ProjectConfigurationPlatforms) = postSolution
		{0159BA92-333E-404F-ABD2-867D9B73C7D1}.Debug|Any CPU.ActiveCfg = Debug|Any CPU
		{0159BA92-333E-404F-ABD2-867D9B73C7D1}.Debug|Any CPU.Build.0 = Debug|Any CPU
		{0159BA92-333E-404F-ABD2-867D9B73C7D1}.Release|Any CPU.ActiveCfg = Release|Any CPU
		{0159BA92-333E-404F-ABD2-867D9B73C7D1}.Release|Any CPU.Build.0 = Release|Any CPU
		{11634301-4271-4578-9A42-10869E3D05BF}.Debug|Any CPU.ActiveCfg = Debug|Any CPU
		{11634301-4271-4578-9A42-10869E3D05BF}.Debug|Any CPU.Build.0 = Debug|Any CPU
		{11634301-4271-4578-9A42-10869E3D05BF}.Release|Any CPU.ActiveCfg = Release|Any CPU
		{11634301-4271-4578-9A42-10869E3D05BF}.Release|Any CPU.Build.0 = Release|Any CPU
		{7FF42B88-63AB-4D1C-8620-BC4686095CF2}.Debug|Any CPU.ActiveCfg = Debug|Any CPU
		{7FF42B88-63AB-4D1C-8620-BC4686095CF2}.Debug|Any CPU.Build.0 = Debug|Any CPU
		{7FF42B88-63AB-4D1C-8620-BC4686095CF2}.Release|Any CPU.ActiveCfg = Release|Any CPU
		{7FF42B88-63AB-4D1C-8620-BC4686095CF2}.Release|Any CPU.Build.0 = Release|Any CPU
		{DB92045F-EEF9-413B-9853-74544A66B10A}.Debug|Any CPU.ActiveCfg = Debug|Any CPU
		{DB92045F-EEF9-413B-9853-74544A66B10A}.Debug|Any CPU.Build.0 = Debug|Any CPU
		{DB92045F-EEF9-413B-9853-74544A66B10A}.Release|Any CPU.ActiveCfg = Release|Any CPU
		{DB92045F-EEF9-413B-9853-74544A66B10A}.Release|Any CPU.Build.0 = Release|Any CPU
		{09A574A0-8DB3-449A-9136-A41768F360C5}.Debug|Any CPU.ActiveCfg = Debug|Any CPU
		{09A574A0-8DB3-449A-9136-A41768F360C5}.Debug|Any CPU.Build.0 = Debug|Any CPU
		{09A574A0-8DB3-449A-9136-A41768F360C5}.Release|Any CPU.ActiveCfg = Release|Any CPU
		{09A574A0-8DB3-449A-9136-A41768F360C5}.Release|Any CPU.Build.0 = Release|Any CPU
		{343910DE-D643-4189-A6E0-AB73B7192E17}.Debug|Any CPU.ActiveCfg = Debug|Any CPU
		{343910DE-D643-4189-A6E0-AB73B7192E17}.Debug|Any CPU.Build.0 = Debug|Any CPU
		{343910DE-D643-4189-A6E0-AB73B7192E17}.Release|Any CPU.ActiveCfg = Release|Any CPU
		{343910DE-D643-4189-A6E0-AB73B7192E17}.Release|Any CPU.Build.0 = Release|Any CPU
		{73CAA107-5620-4276-BCE6-A0E3C666F2EC}.Debug|Any CPU.ActiveCfg = Debug|Any CPU
		{73CAA107-5620-4276-BCE6-A0E3C666F2EC}.Debug|Any CPU.Build.0 = Debug|Any CPU
		{73CAA107-5620-4276-BCE6-A0E3C666F2EC}.Release|Any CPU.ActiveCfg = Release|Any CPU
		{73CAA107-5620-4276-BCE6-A0E3C666F2EC}.Release|Any CPU.Build.0 = Release|Any CPU
		{378C99EB-9996-4FE4-9E16-789045214121}.Debug|Any CPU.ActiveCfg = Debug|Any CPU
		{378C99EB-9996-4FE4-9E16-789045214121}.Debug|Any CPU.Build.0 = Debug|Any CPU
		{378C99EB-9996-4FE4-9E16-789045214121}.Release|Any CPU.ActiveCfg = Release|Any CPU
		{378C99EB-9996-4FE4-9E16-789045214121}.Release|Any CPU.Build.0 = Release|Any CPU
		{249FC8C1-F946-4CBC-AF00-95B24181A376}.Debug|Any CPU.ActiveCfg = Debug|Any CPU
		{249FC8C1-F946-4CBC-AF00-95B24181A376}.Debug|Any CPU.Build.0 = Debug|Any CPU
		{249FC8C1-F946-4CBC-AF00-95B24181A376}.Release|Any CPU.ActiveCfg = Release|Any CPU
		{249FC8C1-F946-4CBC-AF00-95B24181A376}.Release|Any CPU.Build.0 = Release|Any CPU
		{420E4D1A-CB47-4475-A374-3BB7BF3D51AF}.Debug|Any CPU.ActiveCfg = Debug|Any CPU
		{420E4D1A-CB47-4475-A374-3BB7BF3D51AF}.Debug|Any CPU.Build.0 = Debug|Any CPU
		{420E4D1A-CB47-4475-A374-3BB7BF3D51AF}.Release|Any CPU.ActiveCfg = Release|Any CPU
		{420E4D1A-CB47-4475-A374-3BB7BF3D51AF}.Release|Any CPU.Build.0 = Release|Any CPU
		{FBE1A3C2-654B-48E9-8C0C-ED009A577312}.Debug|Any CPU.ActiveCfg = Debug|Any CPU
		{FBE1A3C2-654B-48E9-8C0C-ED009A577312}.Debug|Any CPU.Build.0 = Debug|Any CPU
		{FBE1A3C2-654B-48E9-8C0C-ED009A577312}.Release|Any CPU.ActiveCfg = Release|Any CPU
		{FBE1A3C2-654B-48E9-8C0C-ED009A577312}.Release|Any CPU.Build.0 = Release|Any CPU
		{AE5D3FB6-2393-4E5F-99EB-C10530F7194B}.Debug|Any CPU.ActiveCfg = Debug|Any CPU
		{AE5D3FB6-2393-4E5F-99EB-C10530F7194B}.Debug|Any CPU.Build.0 = Debug|Any CPU
		{AE5D3FB6-2393-4E5F-99EB-C10530F7194B}.Release|Any CPU.ActiveCfg = Release|Any CPU
		{AE5D3FB6-2393-4E5F-99EB-C10530F7194B}.Release|Any CPU.Build.0 = Release|Any CPU
	EndGlobalSection
	GlobalSection(SolutionProperties) = preSolution
		HideSolutionNode = FALSE
	EndGlobalSection
	GlobalSection(NestedProjects) = preSolution
		{0159BA92-333E-404F-ABD2-867D9B73C7D1} = {B8230DDE-B8F3-4049-B06D-74B16A0129A1}
		{11634301-4271-4578-9A42-10869E3D05BF} = {B8230DDE-B8F3-4049-B06D-74B16A0129A1}
		{7FF42B88-63AB-4D1C-8620-BC4686095CF2} = {B8230DDE-B8F3-4049-B06D-74B16A0129A1}
		{DB92045F-EEF9-413B-9853-74544A66B10A} = {50275FFE-E085-4772-AE2E-C586C44A271B}
		{09A574A0-8DB3-449A-9136-A41768F360C5} = {50275FFE-E085-4772-AE2E-C586C44A271B}
		{343910DE-D643-4189-A6E0-AB73B7192E17} = {50275FFE-E085-4772-AE2E-C586C44A271B}
		{73CAA107-5620-4276-BCE6-A0E3C666F2EC} = {2792AD87-D476-46B9-9C6C-55774E3473CA}
		{378C99EB-9996-4FE4-9E16-789045214121} = {2792AD87-D476-46B9-9C6C-55774E3473CA}
		{249FC8C1-F946-4CBC-AF00-95B24181A376} = {2792AD87-D476-46B9-9C6C-55774E3473CA}
		{420E4D1A-CB47-4475-A374-3BB7BF3D51AF} = {16176064-EAE4-471D-9CDC-193F5C56132E}
		{FBE1A3C2-654B-48E9-8C0C-ED009A577312} = {16176064-EAE4-471D-9CDC-193F5C56132E}
		{AE5D3FB6-2393-4E5F-99EB-C10530F7194B} = {16176064-EAE4-471D-9CDC-193F5C56132E}
	EndGlobalSection
	GlobalSection(ExtensibilityGlobals) = postSolution
		SolutionGuid = {7E42F1F6-12F9-4168-8B1D-CE3E4C8B7DDB}
	EndGlobalSection
EndGlobal
